PODS:
  - Flutter (1.0.0)
  - flutter_opacity_core (0.0.1):
    - Flutter
    - OpacityCore (= 6.1.14)
  - OpacityCore (6.1.14)

DEPENDENCIES:
  - Flutter (from `Flutter`)
  - flutter_opacity_core (from `.symlinks/plugins/flutter_opacity_core/ios`)

SPEC REPOS:
  trunk:
    - OpacityCore

EXTERNAL SOURCES:
  Flutter:
    :path: Flutter
  flutter_opacity_core:
    :path: ".symlinks/plugins/flutter_opacity_core/ios"

SPEC CHECKSUMS:
  Flutter: e0871f40cf51350855a761d2e70bf5af5b9b5de7
  flutter_opacity_core: b7037a8e6e7cf77be3aa969111079a969e75242c
  OpacityCore: 1ff9c43443689d04a726c60da6bd2502128f1893

PODFILE CHECKSUM: 775997f741c536251164e3eacf6e34abf2eb7a17

COCOAPODS: 1.16.2
