PODS:
  - Flutter (1.0.0)
  - flutter_opacity_core (0.0.1):
    - Flutter
    - OpacityCore (= 3.21.1)
  - OpacityCore (3.21.1)

DEPENDENCIES:
  - Flutter (from `Flutter`)
  - flutter_opacity_core (from `.symlinks/plugins/flutter_opacity_core/ios`)

SPEC REPOS:
  trunk:
    - OpacityCore

EXTERNAL SOURCES:
  Flutter:
    :path: Flutter
  flutter_opacity_core:
    :path: ".symlinks/plugins/flutter_opacity_core/ios"

SPEC CHECKSUMS:
  Flutter: e0871f40cf51350855a761d2e70bf5af5b9b5de7
  flutter_opacity_core: 4fe611e37f99c14481fff2c1a0b49f26cb0bf594
  OpacityCore: 1723f00859a42a33179819148117dba6520b4b0e

PODFILE CHECKSUM: 1959d098c91d8a792531a723c4a9d7e9f6a01e38

COCOAPODS: 1.15.2
